
Microsoft Visual Studio Solution File, Format Version 12.00
# Visual Studio Version 16
VisualStudioVersion = 16.0.31424.327
MinimumVisualStudioVersion = 10.0.40219.1
Project("{FAE04EC0-301F-11D3-BF4B-00C04F79EFBC}") = "H0A1BC_7gyak", "H0A1BC_7gyak\H0A1BC_7gyak.csproj", "{B99D9203-B207-49B8-A8DE-863AEABBADD7}"
EndProject
Global
	GlobalSection(SolutionConfigurationPlatforms) = preSolution
		Debug|Any CPU = Debug|Any CPU
		Release|Any CPU = Release|Any CPU
	EndGlobalSection
	GlobalSection(ProjectConfigurationPlatforms) = postSolution
		{B99D9203-B207-49B8-A8DE-863AEABBADD7}.Debug|Any CPU.ActiveCfg = Debug|Any CPU
		{B99D9203-B207-49B8-A8DE-863AEABBADD7}.Debug|Any CPU.Build.0 = Debug|Any CPU
		{B99D9203-B207-49B8-A8DE-863AEABBADD7}.Release|Any CPU.ActiveCfg = Release|Any CPU
		{B99D9203-B207-49B8-A8DE-863AEABBADD7}.Release|Any CPU.Build.0 = Release|Any CPU
	EndGlobalSection
	GlobalSection(SolutionProperties) = preSolution
		HideSolutionNode = FALSE
	EndGlobalSection
	GlobalSection(ExtensibilityGlobals) = postSolution
		SolutionGuid = {334BF623-EFDC-48ED-9FD6-ABAE9B77DDCF}
	EndGlobalSection
EndGlobal
